
Microsoft Visual Studio Solution File, Format Version 12.00
# Visual Studio 15
VisualStudioVersion = 15.0.28307.1300
MinimumVisualStudioVersion = 10.0.40219.1
Project("{B1E792BE-AA5F-4E3C-8C82-674BF9C0715B}") = "TwinCAT Project1", "TwinCAT Project1\TwinCAT Project1.tsproj", "{257625F3-846B-45B8-9D1E-728611F7D2B9}"
EndProject
Project("{8BC9CEB8-8B4A-11D0-8D11-00A0C91BC942}") = "aruco+matrix", "..\aruco-mv\aruco+matrix\aruco+matrix.vcxproj", "{302447E2-6856-4469-B7F0-FF02263EEC15}"
EndProject
Global
	GlobalSection(SolutionConfigurationPlatforms) = preSolution
		Debug|TwinCAT CE7 (ARMV7) = Debug|TwinCAT CE7 (ARMV7)
		Debug|TwinCAT OS (ARMT2) = Debug|TwinCAT OS (ARMT2)
		Debug|TwinCAT RT (x64) = Debug|TwinCAT RT (x64)
		Debug|TwinCAT RT (x86) = Debug|TwinCAT RT (x86)
		Debug|x64 = Debug|x64
		Debug|x86 = Debug|x86
		Release|TwinCAT CE7 (ARMV7) = Release|TwinCAT CE7 (ARMV7)
		Release|TwinCAT OS (ARMT2) = Release|TwinCAT OS (ARMT2)
		Release|TwinCAT RT (x64) = Release|TwinCAT RT (x64)
		Release|TwinCAT RT (x86) = Release|TwinCAT RT (x86)
		Release|x64 = Release|x64
		Release|x86 = Release|x86
	EndGlobalSection
	GlobalSection(ProjectConfigurationPlatforms) = postSolution
		{257625F3-846B-45B8-9D1E-728611F7D2B9}.Debug|TwinCAT CE7 (ARMV7).ActiveCfg = Debug|TwinCAT CE7 (ARMV7)
		{257625F3-846B-45B8-9D1E-728611F7D2B9}.Debug|TwinCAT CE7 (ARMV7).Build.0 = Debug|TwinCAT CE7 (ARMV7)
		{257625F3-846B-45B8-9D1E-728611F7D2B9}.Debug|TwinCAT OS (ARMT2).ActiveCfg = Debug|TwinCAT OS (ARMT2)
		{257625F3-846B-45B8-9D1E-728611F7D2B9}.Debug|TwinCAT OS (ARMT2).Build.0 = Debug|TwinCAT OS (ARMT2)
		{257625F3-846B-45B8-9D1E-728611F7D2B9}.Debug|TwinCAT RT (x64).ActiveCfg = Debug|TwinCAT RT (x64)
		{257625F3-846B-45B8-9D1E-728611F7D2B9}.Debug|TwinCAT RT (x64).Build.0 = Debug|TwinCAT RT (x64)
		{257625F3-846B-45B8-9D1E-728611F7D2B9}.Debug|TwinCAT RT (x86).ActiveCfg = Debug|TwinCAT RT (x86)
		{257625F3-846B-45B8-9D1E-728611F7D2B9}.Debug|TwinCAT RT (x86).Build.0 = Debug|TwinCAT RT (x86)
		{257625F3-846B-45B8-9D1E-728611F7D2B9}.Debug|x64.ActiveCfg = Debug|TwinCAT RT (x64)
		{257625F3-846B-45B8-9D1E-728611F7D2B9}.Debug|x86.ActiveCfg = Debug|TwinCAT RT (x86)
		{257625F3-846B-45B8-9D1E-728611F7D2B9}.Release|TwinCAT CE7 (ARMV7).ActiveCfg = Release|TwinCAT CE7 (ARMV7)
		{257625F3-846B-45B8-9D1E-728611F7D2B9}.Release|TwinCAT CE7 (ARMV7).Build.0 = Release|TwinCAT CE7 (ARMV7)
		{257625F3-846B-45B8-9D1E-728611F7D2B9}.Release|TwinCAT OS (ARMT2).ActiveCfg = Release|TwinCAT OS (ARMT2)
		{257625F3-846B-45B8-9D1E-728611F7D2B9}.Release|TwinCAT OS (ARMT2).Build.0 = Release|TwinCAT OS (ARMT2)
		{257625F3-846B-45B8-9D1E-728611F7D2B9}.Release|TwinCAT RT (x64).ActiveCfg = Release|TwinCAT RT (x64)
		{257625F3-846B-45B8-9D1E-728611F7D2B9}.Release|TwinCAT RT (x64).Build.0 = Release|TwinCAT RT (x64)
		{257625F3-846B-45B8-9D1E-728611F7D2B9}.Release|TwinCAT RT (x86).ActiveCfg = Release|TwinCAT RT (x86)
		{257625F3-846B-45B8-9D1E-728611F7D2B9}.Release|TwinCAT RT (x86).Build.0 = Release|TwinCAT RT (x86)
		{257625F3-846B-45B8-9D1E-728611F7D2B9}.Release|x64.ActiveCfg = Release|TwinCAT RT (x64)
		{257625F3-846B-45B8-9D1E-728611F7D2B9}.Release|x86.ActiveCfg = Release|TwinCAT RT (x86)
		{302447E2-6856-4469-B7F0-FF02263EEC15}.Debug|TwinCAT CE7 (ARMV7).ActiveCfg = Debug|Win32
		{302447E2-6856-4469-B7F0-FF02263EEC15}.Debug|TwinCAT OS (ARMT2).ActiveCfg = Debug|Win32
		{302447E2-6856-4469-B7F0-FF02263EEC15}.Debug|TwinCAT RT (x64).ActiveCfg = Debug|Win32
		{302447E2-6856-4469-B7F0-FF02263EEC15}.Debug|TwinCAT RT (x86).ActiveCfg = Debug|Win32
		{302447E2-6856-4469-B7F0-FF02263EEC15}.Debug|x64.ActiveCfg = Debug|x64
		{302447E2-6856-4469-B7F0-FF02263EEC15}.Debug|x64.Build.0 = Debug|x64
		{302447E2-6856-4469-B7F0-FF02263EEC15}.Debug|x86.ActiveCfg = Debug|Win32
		{302447E2-6856-4469-B7F0-FF02263EEC15}.Debug|x86.Build.0 = Debug|Win32
		{302447E2-6856-4469-B7F0-FF02263EEC15}.Release|TwinCAT CE7 (ARMV7).ActiveCfg = Release|Win32
		{302447E2-6856-4469-B7F0-FF02263EEC15}.Release|TwinCAT OS (ARMT2).ActiveCfg = Release|Win32
		{302447E2-6856-4469-B7F0-FF02263EEC15}.Release|TwinCAT RT (x64).ActiveCfg = Release|Win32
		{302447E2-6856-4469-B7F0-FF02263EEC15}.Release|TwinCAT RT (x86).ActiveCfg = Release|Win32
		{302447E2-6856-4469-B7F0-FF02263EEC15}.Release|x64.ActiveCfg = Release|x64
		{302447E2-6856-4469-B7F0-FF02263EEC15}.Release|x64.Build.0 = Release|x64
		{302447E2-6856-4469-B7F0-FF02263EEC15}.Release|x86.ActiveCfg = Release|Win32
		{302447E2-6856-4469-B7F0-FF02263EEC15}.Release|x86.Build.0 = Release|Win32
		{F7E2FD89-D0A5-4922-9FF3-E2160C2AC2B0}.Debug|TwinCAT CE7 (ARMV7).ActiveCfg = Debug|TwinCAT CE7 (ARMV7)
		{F7E2FD89-D0A5-4922-9FF3-E2160C2AC2B0}.Debug|TwinCAT CE7 (ARMV7).Build.0 = Debug|TwinCAT CE7 (ARMV7)
		{F7E2FD89-D0A5-4922-9FF3-E2160C2AC2B0}.Debug|TwinCAT OS (ARMT2).ActiveCfg = Debug|TwinCAT OS (ARMT2)
		{F7E2FD89-D0A5-4922-9FF3-E2160C2AC2B0}.Debug|TwinCAT OS (ARMT2).Build.0 = Debug|TwinCAT OS (ARMT2)
		{F7E2FD89-D0A5-4922-9FF3-E2160C2AC2B0}.Debug|TwinCAT RT (x64).ActiveCfg = Debug|TwinCAT RT (x64)
		{F7E2FD89-D0A5-4922-9FF3-E2160C2AC2B0}.Debug|TwinCAT RT (x64).Build.0 = Debug|TwinCAT RT (x64)
		{F7E2FD89-D0A5-4922-9FF3-E2160C2AC2B0}.Debug|TwinCAT RT (x86).ActiveCfg = Debug|TwinCAT RT (x86)
		{F7E2FD89-D0A5-4922-9FF3-E2160C2AC2B0}.Debug|TwinCAT RT (x86).Build.0 = Debug|TwinCAT RT (x86)
		{F7E2FD89-D0A5-4922-9FF3-E2160C2AC2B0}.Debug|x64.ActiveCfg = Debug|TwinCAT RT (x64)
		{F7E2FD89-D0A5-4922-9FF3-E2160C2AC2B0}.Debug|x86.ActiveCfg = Debug|TwinCAT RT (x86)
		{F7E2FD89-D0A5-4922-9FF3-E2160C2AC2B0}.Release|TwinCAT CE7 (ARMV7).ActiveCfg = Release|TwinCAT CE7 (ARMV7)
		{F7E2FD89-D0A5-4922-9FF3-E2160C2AC2B0}.Release|TwinCAT CE7 (ARMV7).Build.0 = Release|TwinCAT CE7 (ARMV7)
		{F7E2FD89-D0A5-4922-9FF3-E2160C2AC2B0}.Release|TwinCAT OS (ARMT2).ActiveCfg = Release|TwinCAT OS (ARMT2)
		{F7E2FD89-D0A5-4922-9FF3-E2160C2AC2B0}.Release|TwinCAT OS (ARMT2).Build.0 = Release|TwinCAT OS (ARMT2)
		{F7E2FD89-D0A5-4922-9FF3-E2160C2AC2B0}.Release|TwinCAT RT (x64).ActiveCfg = Release|TwinCAT RT (x64)
		{F7E2FD89-D0A5-4922-9FF3-E2160C2AC2B0}.Release|TwinCAT RT (x64).Build.0 = Release|TwinCAT RT (x64)
		{F7E2FD89-D0A5-4922-9FF3-E2160C2AC2B0}.Release|TwinCAT RT (x86).ActiveCfg = Release|TwinCAT RT (x86)
		{F7E2FD89-D0A5-4922-9FF3-E2160C2AC2B0}.Release|TwinCAT RT (x86).Build.0 = Release|TwinCAT RT (x86)
		{F7E2FD89-D0A5-4922-9FF3-E2160C2AC2B0}.Release|x64.ActiveCfg = Release|TwinCAT RT (x64)
		{F7E2FD89-D0A5-4922-9FF3-E2160C2AC2B0}.Release|x86.ActiveCfg = Release|TwinCAT RT (x86)
	EndGlobalSection
	GlobalSection(SolutionProperties) = preSolution
		HideSolutionNode = FALSE
	EndGlobalSection
	GlobalSection(ExtensibilityGlobals) = postSolution
		SolutionGuid = {A4C897DB-9363-4AF0-9253-A804D2816237}
	EndGlobalSection
EndGlobal
