
Microsoft Visual Studio Solution File, Format Version 12.00
# Visual Studio 15
VisualStudioVersion = 15.0.28307.1300
MinimumVisualStudioVersion = 10.0.40219.1
Project("{8BC9CEB8-8B4A-11D0-8D11-00A0C91BC942}") = "aruco+matrix", "aruco+matrix\aruco+matrix.vcxproj", "{302447E2-6856-4469-B7F0-FF02263EEC15}"
EndProject
Global
	GlobalSection(SolutionConfigurationPlatforms) = preSolution
		Debug|TwinCAT CE7 (ARMV7) = Debug|TwinCAT CE7 (ARMV7)
		Debug|TwinCAT OS (ARMT2) = Debug|TwinCAT OS (ARMT2)
		Debug|TwinCAT RT (x64) = Debug|TwinCAT RT (x64)
		Debug|TwinCAT RT (x86) = Debug|TwinCAT RT (x86)
		Debug|x64 = Debug|x64
		Debug|x86 = Debug|x86
		Release|TwinCAT CE7 (ARMV7) = Release|TwinCAT CE7 (ARMV7)
		Release|TwinCAT OS (ARMT2) = Release|TwinCAT OS (ARMT2)
		Release|TwinCAT RT (x64) = Release|TwinCAT RT (x64)
		Release|TwinCAT RT (x86) = Release|TwinCAT RT (x86)
		Release|x64 = Release|x64
		Release|x86 = Release|x86
	EndGlobalSection
	GlobalSection(ProjectConfigurationPlatforms) = postSolution
		{302447E2-6856-4469-B7F0-FF02263EEC15}.Debug|TwinCAT CE7 (ARMV7).ActiveCfg = Debug|Win32
		{302447E2-6856-4469-B7F0-FF02263EEC15}.Debug|TwinCAT OS (ARMT2).ActiveCfg = Debug|Win32
		{302447E2-6856-4469-B7F0-FF02263EEC15}.Debug|TwinCAT RT (x64).ActiveCfg = Debug|Win32
		{302447E2-6856-4469-B7F0-FF02263EEC15}.Debug|TwinCAT RT (x86).ActiveCfg = Debug|Win32
		{302447E2-6856-4469-B7F0-FF02263EEC15}.Debug|x64.ActiveCfg = Debug|x64
		{302447E2-6856-4469-B7F0-FF02263EEC15}.Debug|x64.Build.0 = Debug|x64
		{302447E2-6856-4469-B7F0-FF02263EEC15}.Debug|x86.ActiveCfg = Debug|Win32
		{302447E2-6856-4469-B7F0-FF02263EEC15}.Debug|x86.Build.0 = Debug|Win32
		{302447E2-6856-4469-B7F0-FF02263EEC15}.Release|TwinCAT CE7 (ARMV7).ActiveCfg = Release|Win32
		{302447E2-6856-4469-B7F0-FF02263EEC15}.Release|TwinCAT OS (ARMT2).ActiveCfg = Release|Win32
		{302447E2-6856-4469-B7F0-FF02263EEC15}.Release|TwinCAT RT (x64).ActiveCfg = Release|Win32
		{302447E2-6856-4469-B7F0-FF02263EEC15}.Release|TwinCAT RT (x86).ActiveCfg = Release|Win32
		{302447E2-6856-4469-B7F0-FF02263EEC15}.Release|x64.ActiveCfg = Release|x64
		{302447E2-6856-4469-B7F0-FF02263EEC15}.Release|x64.Build.0 = Release|x64
		{302447E2-6856-4469-B7F0-FF02263EEC15}.Release|x86.ActiveCfg = Release|Win32
		{302447E2-6856-4469-B7F0-FF02263EEC15}.Release|x86.Build.0 = Release|Win32
	EndGlobalSection
	GlobalSection(SolutionProperties) = preSolution
		HideSolutionNode = FALSE
	EndGlobalSection
	GlobalSection(ExtensibilityGlobals) = postSolution
		SolutionGuid = {A4C897DB-9363-4AF0-9253-A804D2816237}
	EndGlobalSection
EndGlobal
